// !$*UTF8*$!
{
	archiveVersion = 1;
	classes = {
	};
	objectVersion = 56;
	objects = {

/* Begin PBXBuildFile section */
		2504A9432AF3D68F0090F021 /* InsertionSort.swift in Sources */ = {isa = PBXBuildFile; fileRef = 2504A9422AF3D68F0090F021 /* InsertionSort.swift */; };
		2504A9452AF3D6D20090F021 /* LinearSearch.swift in Sources */ = {isa = PBXBuildFile; fileRef = 2504A9442AF3D6D20090F021 /* LinearSearch.swift */; };
		25BFAB222AF11B3B0073C39F /* main.swift in Sources */ = {isa = PBXBuildFile; fileRef = 25BFAB212AF11B3B0073C39F /* main.swift */; };
/* End PBXBuildFile section */

/* Begin PBXCopyFilesBuildPhase section */
		25BFAB1C2AF11B3B0073C39F /* CopyFiles */ = {
			isa = PBXCopyFilesBuildPhase;
			buildActionMask = 2147483647;
			dstPath = /usr/share/man/man1/;
			dstSubfolderSpec = 0;
			files = (
			);
			runOnlyForDeploymentPostprocessing = 1;
		};
/* End PBXCopyFilesBuildPhase section */

/* Begin PBXFileReference section */
		2504A9422AF3D68F0090F021 /* InsertionSort.swift */ = {isa = PBXFileReference; lastKnownFileType = sourcecode.swift; path = InsertionSort.swift; sourceTree = "<group>"; };
		2504A9442AF3D6D20090F021 /* LinearSearch.swift */ = {isa = PBXFileReference; lastKnownFileType = sourcecode.swift; path = LinearSearch.swift; sourceTree = "<group>"; };
		25BFAB1E2AF11B3B0073C39F /* SwiftAlgorithms */ = {isa = PBXFileReference; explicitFileType = "compiled.mach-o.executable"; includeInIndex = 0; path = SwiftAlgorithms; sourceTree = BUILT_PRODUCTS_DIR; };
		25BFAB212AF11B3B0073C39F /* main.swift */ = {isa = PBXFileReference; lastKnownFileType = sourcecode.swift; path = main.swift; sourceTree = "<group>"; };
/* End PBXFileReference section */

/* Begin PBXFrameworksBuildPhase section */
		25BFAB1B2AF11B3B0073C39F /* Frameworks */ = {
			isa = PBXFrameworksBuildPhase;
			buildActionMask = 2147483647;
			files = (
			);
			runOnlyForDeploymentPostprocessing = 0;
		};
/* End PBXFrameworksBuildPhase section */

/* Begin PBXGroup section */
		25BFAB152AF11B3B0073C39F = {
			isa = PBXGroup;
			children = (
				25BFAB202AF11B3B0073C39F /* SwiftAlgorithms */,
				25BFAB1F2AF11B3B0073C39F /* Products */,
			);
			sourceTree = "<group>";
		};
		25BFAB1F2AF11B3B0073C39F /* Products */ = {
			isa = PBXGroup;
			children = (
				25BFAB1E2AF11B3B0073C39F /* SwiftAlgorithms */,
			);
			name = Products;
			sourceTree = "<group>";
		};
		25BFAB202AF11B3B0073C39F /* SwiftAlgorithms */ = {
			isa = PBXGroup;
			children = (
				25BFAB212AF11B3B0073C39F /* main.swift */,
				2504A9422AF3D68F0090F021 /* InsertionSort.swift */,
				2504A9442AF3D6D20090F021 /* LinearSearch.swift */,
			);
			path = SwiftAlgorithms;
			sourceTree = "<group>";
		};
/* End PBXGroup section */

/* Begin PBXNativeTarget section */
		25BFAB1D2AF11B3B0073C39F /* SwiftAlgorithms */ = {
			isa = PBXNativeTarget;
			buildConfigurationList = 25BFAB252AF11B3B0073C39F /* Build configuration list for PBXNativeTarget "SwiftAlgorithms" */;
			buildPhases = (
				25BFAB1A2AF11B3B0073C39F /* Sources */,
				25BFAB1B2AF11B3B0073C39F /* Frameworks */,
				25BFAB1C2AF11B3B0073C39F /* CopyFiles */,
			);
			buildRules = (
			);
			dependencies = (
			);
			name = SwiftAlgorithms;
			productName = SwiftAlgorithms;
			productReference = 25BFAB1E2AF11B3B0073C39F /* SwiftAlgorithms */;
			productType = "com.apple.product-type.tool";
		};
/* End PBXNativeTarget section */

/* Begin PBXProject section */
		25BFAB162AF11B3B0073C39F /* Project object */ = {
			isa = PBXProject;
			attributes = {
				BuildIndependentTargetsInParallel = 1;
				LastSwiftUpdateCheck = 1430;
				LastUpgradeCheck = 1430;
				TargetAttributes = {
					25BFAB1D2AF11B3B0073C39F = {
						CreatedOnToolsVersion = 14.3.1;
					};
				};
			};
			buildConfigurationList = 25BFAB192AF11B3B0073C39F /* Build configuration list for PBXProject "SwiftAlgorithms" */;
			compatibilityVersion = "Xcode 14.0";
			developmentRegion = en;
			hasScannedForEncodings = 0;
			knownRegions = (
				en,
				Base,
			);
			mainGroup = 25BFAB152AF11B3B0073C39F;
			productRefGroup = 25BFAB1F2AF11B3B0073C39F /* Products */;
			projectDirPath = "";
			projectRoot = "";
			targets = (
				25BFAB1D2AF11B3B0073C39F /* SwiftAlgorithms */,
			);
		};
/* End PBXProject section */

/* Begin PBXSourcesBuildPhase section */
		25BFAB1A2AF11B3B0073C39F /* Sources */ = {
			isa = PBXSourcesBuildPhase;
			buildActionMask = 2147483647;
			files = (
				2504A9452AF3D6D20090F021 /* LinearSearch.swift in Sources */,
				25BFAB222AF11B3B0073C39F /* main.swift in Sources */,
				2504A9432AF3D68F0090F021 /* InsertionSort.swift in Sources */,
			);
			runOnlyForDeploymentPostprocessing = 0;
		};
/* End PBXSourcesBuildPhase section */

/* Begin XCBuildConfiguration section */
		25BFAB232AF11B3B0073C39F /* Debug */ = {
			isa = XCBuildConfiguration;
			buildSettings = {
				ALWAYS_SEARCH_USER_PATHS = NO;
				CLANG_ANALYZER_NONNULL = YES;
				CLANG_ANALYZER_NUMBER_OBJECT_CONVERSION = YES_AGGRESSIVE;
				CLANG_CXX_LANGUAGE_STANDARD = "gnu++20";
				CLANG_ENABLE_MODULES = YES;
				CLANG_ENABLE_OBJC_ARC = YES;
				CLANG_ENABLE_OBJC_WEAK = YES;
				CLANG_WARN_BLOCK_CAPTURE_AUTORELEASING = YES;
				CLANG_WARN_BOOL_CONVERSION = YES;
				CLANG_WARN_COMMA = YES;
				CLANG_WARN_CONSTANT_CONVERSION = YES;
				CLANG_WARN_DEPRECATED_OBJC_IMPLEMENTATIONS = YES;
				CLANG_WARN_DIRECT_OBJC_ISA_USAGE = YES_ERROR;
				CLANG_WARN_DOCUMENTATION_COMMENTS = YES;
				CLANG_WARN_EMPTY_BODY = YES;
				CLANG_WARN_ENUM_CONVERSION = YES;
				CLANG_WARN_INFINITE_RECURSION = YES;
				CLANG_WARN_INT_CONVERSION = YES;
				CLANG_WARN_NON_LITERAL_NULL_CONVERSION = YES;
				CLANG_WARN_OBJC_IMPLICIT_RETAIN_SELF = YES;
				CLANG_WARN_OBJC_LITERAL_CONVERSION = YES;
				CLANG_WARN_OBJC_ROOT_CLASS = YES_ERROR;
				CLANG_WARN_QUOTED_INCLUDE_IN_FRAMEWORK_HEADER = YES;
				CLANG_WARN_RANGE_LOOP_ANALYSIS = YES;
				CLANG_WARN_STRICT_PROTOTYPES = YES;
				CLANG_WARN_SUSPICIOUS_MOVE = YES;
				CLANG_WARN_UNGUARDED_AVAILABILITY = YES_AGGRESSIVE;
				CLANG_WARN_UNREACHABLE_CODE = YES;
				CLANG_WARN__DUPLICATE_METHOD_MATCH = YES;
				COPY_PHASE_STRIP = NO;
				DEBUG_INFORMATION_FORMAT = dwarf;
				ENABLE_STRICT_OBJC_MSGSEND = YES;
				ENABLE_TESTABILITY = YES;
				GCC_C_LANGUAGE_STANDARD = gnu11;
				GCC_DYNAMIC_NO_PIC = NO;
				GCC_NO_COMMON_BLOCKS = YES;
				GCC_OPTIMIZATION_LEVEL = 0;
				GCC_PREPROCESSOR_DEFINITIONS = (
					"DEBUG=1",
					"$(inherited)",
				);
				GCC_WARN_64_TO_32_BIT_CONVERSION = YES;
				GCC_WARN_ABOUT_RETURN_TYPE = YES_ERROR;
				GCC_WARN_UNDECLARED_SELECTOR = YES;
				GCC_WARN_UNINITIALIZED_AUTOS = YES_AGGRESSIVE;
				GCC_WARN_UNUSED_FUNCTION = YES;
				GCC_WARN_UNUSED_VARIABLE = YES;
				MACOSX_DEPLOYMENT_TARGET = 13.3;
				MTL_ENABLE_DEBUG_INFO = INCLUDE_SOURCE;
				MTL_FAST_MATH = YES;
				ONLY_ACTIVE_ARCH = YES;
				SDKROOT = macosx;
				SWIFT_ACTIVE_COMPILATION_CONDITIONS = DEBUG;
				SWIFT_OPTIMIZATION_LEVEL = "-Onone";
			};
			name = Debug;
		};
		25BFAB242AF11B3B0073C39F /* Release */ = {
			isa = XCBuildConfiguration;
			buildSettings = {
				ALWAYS_SEARCH_USER_PATHS = NO;
				CLANG_ANALYZER_NONNULL = YES;
				CLANG_ANALYZER_NUMBER_OBJECT_CONVERSION = YES_AGGRESSIVE;
				CLANG_CXX_LANGUAGE_STANDARD = "gnu++20";
				CLANG_ENABLE_MODULES = YES;
				CLANG_ENABLE_OBJC_ARC = YES;
				CLANG_ENABLE_OBJC_WEAK = YES;
				CLANG_WARN_BLOCK_CAPTURE_AUTORELEASING = YES;
				CLANG_WARN_BOOL_CONVERSION = YES;
				CLANG_WARN_COMMA = YES;
				CLANG_WARN_CONSTANT_CONVERSION = YES;
				CLANG_WARN_DEPRECATED_OBJC_IMPLEMENTATIONS = YES;
				CLANG_WARN_DIRECT_OBJC_ISA_USAGE = YES_ERROR;
				CLANG_WARN_DOCUMENTATION_COMMENTS = YES;
				CLANG_WARN_EMPTY_BODY = YES;
				CLANG_WARN_ENUM_CONVERSION = YES;
				CLANG_WARN_INFINITE_RECURSION = YES;
				CLANG_WARN_INT_CONVERSION = YES;
				CLANG_WARN_NON_LITERAL_NULL_CONVERSION = YES;
				CLANG_WARN_OBJC_IMPLICIT_RETAIN_SELF = YES;
				CLANG_WARN_OBJC_LITERAL_CONVERSION = YES;
				CLANG_WARN_OBJC_ROOT_CLASS = YES_ERROR;
				CLANG_WARN_QUOTED_INCLUDE_IN_FRAMEWORK_HEADER = YES;
				CLANG_WARN_RANGE_LOOP_ANALYSIS = YES;
				CLANG_WARN_STRICT_PROTOTYPES = YES;
				CLANG_WARN_SUSPICIOUS_MOVE = YES;
				CLANG_WARN_UNGUARDED_AVAILABILITY = YES_AGGRESSIVE;
				CLANG_WARN_UNREACHABLE_CODE = YES;
				CLANG_WARN__DUPLICATE_METHOD_MATCH = YES;
				COPY_PHASE_STRIP = NO;
				DEBUG_INFORMATION_FORMAT = "dwarf-with-dsym";
				ENABLE_NS_ASSERTIONS = NO;
				ENABLE_STRICT_OBJC_MSGSEND = YES;
				GCC_C_LANGUAGE_STANDARD = gnu11;
				GCC_NO_COMMON_BLOCKS = YES;
				GCC_WARN_64_TO_32_BIT_CONVERSION = YES;
				GCC_WARN_ABOUT_RETURN_TYPE = YES_ERROR;
				GCC_WARN_UNDECLARED_SELECTOR = YES;
				GCC_WARN_UNINITIALIZED_AUTOS = YES_AGGRESSIVE;
				GCC_WARN_UNUSED_FUNCTION = YES;
				GCC_WARN_UNUSED_VARIABLE = YES;
				MACOSX_DEPLOYMENT_TARGET = 13.3;
				MTL_ENABLE_DEBUG_INFO = NO;
				MTL_FAST_MATH = YES;
				SDKROOT = macosx;
				SWIFT_COMPILATION_MODE = wholemodule;
				SWIFT_OPTIMIZATION_LEVEL = "-O";
			};
			name = Release;
		};
		25BFAB262AF11B3B0073C39F /* Debug */ = {
			isa = XCBuildConfiguration;
			buildSettings = {
				CODE_SIGN_STYLE = Automatic;
				PRODUCT_NAME = "$(TARGET_NAME)";
				SWIFT_VERSION = 5.0;
			};
			name = Debug;
		};
		25BFAB272AF11B3B0073C39F /* Release */ = {
			isa = XCBuildConfiguration;
			buildSettings = {
				CODE_SIGN_STYLE = Automatic;
				PRODUCT_NAME = "$(TARGET_NAME)";
				SWIFT_VERSION = 5.0;
			};
			name = Release;
		};
/* End XCBuildConfiguration section */

/* Begin XCConfigurationList section */
		25BFAB192AF11B3B0073C39F /* Build configuration list for PBXProject "SwiftAlgorithms" */ = {
			isa = XCConfigurationList;
			buildConfigurations = (
				25BFAB232AF11B3B0073C39F /* Debug */,
				25BFAB242AF11B3B0073C39F /* Release */,
			);
			defaultConfigurationIsVisible = 0;
			defaultConfigurationName = Release;
		};
		25BFAB252AF11B3B0073C39F /* Build configuration list for PBXNativeTarget "SwiftAlgorithms" */ = {
			isa = XCConfigurationList;
			buildConfigurations = (
				25BFAB262AF11B3B0073C39F /* Debug */,
				25BFAB272AF11B3B0073C39F /* Release */,
			);
			defaultConfigurationIsVisible = 0;
			defaultConfigurationName = Release;
		};
/* End XCConfigurationList section */
	};
	rootObject = 25BFAB162AF11B3B0073C39F /* Project object */;
}
